
Microsoft Visual Studio Solution File, Format Version 12.00
# Visual Studio Version 16
VisualStudioVersion = 16.0.29905.134
MinimumVisualStudioVersion = 10.0.40219.1
Project("{FAE04EC0-301F-11D3-BF4B-00C04F79EFBC}") = "ExpenseTrackingApp.Android", "ExpenseTrackingApp\ExpenseTrackingApp.Android\ExpenseTrackingApp.Android.csproj", "{F8213BC9-2F76-4832-9137-320E10466F2D}"
EndProject
Project("{FAE04EC0-301F-11D3-BF4B-00C04F79EFBC}") = "ExpenseTrackingApp.iOS", "ExpenseTrackingApp\ExpenseTrackingApp.iOS\ExpenseTrackingApp.iOS.csproj", "{864371DE-1820-4B92-8D37-4BE3FCBBE6A2}"
EndProject
Project("{FAE04EC0-301F-11D3-BF4B-00C04F79EFBC}") = "ExpenseTrackingApp", "ExpenseTrackingApp\ExpenseTrackingApp\ExpenseTrackingApp.csproj", "{D3CA0750-DADD-490F-815B-BDFCC8793C3C}"
EndProject
Global
	GlobalSection(SolutionConfigurationPlatforms) = preSolution
		Debug|Any CPU = Debug|Any CPU
		Debug|iPhone = Debug|iPhone
		Debug|iPhoneSimulator = Debug|iPhoneSimulator
		Release|Any CPU = Release|Any CPU
		Release|iPhone = Release|iPhone
		Release|iPhoneSimulator = Release|iPhoneSimulator
	EndGlobalSection
	GlobalSection(ProjectConfigurationPlatforms) = postSolution
		{F8213BC9-2F76-4832-9137-320E10466F2D}.Debug|Any CPU.ActiveCfg = Debug|Any CPU
		{F8213BC9-2F76-4832-9137-320E10466F2D}.Debug|Any CPU.Build.0 = Debug|Any CPU
		{F8213BC9-2F76-4832-9137-320E10466F2D}.Debug|Any CPU.Deploy.0 = Debug|Any CPU
		{F8213BC9-2F76-4832-9137-320E10466F2D}.Debug|iPhone.ActiveCfg = Debug|Any CPU
		{F8213BC9-2F76-4832-9137-320E10466F2D}.Debug|iPhone.Build.0 = Debug|Any CPU
		{F8213BC9-2F76-4832-9137-320E10466F2D}.Debug|iPhone.Deploy.0 = Debug|Any CPU
		{F8213BC9-2F76-4832-9137-320E10466F2D}.Debug|iPhoneSimulator.ActiveCfg = Debug|Any CPU
		{F8213BC9-2F76-4832-9137-320E10466F2D}.Debug|iPhoneSimulator.Build.0 = Debug|Any CPU
		{F8213BC9-2F76-4832-9137-320E10466F2D}.Debug|iPhoneSimulator.Deploy.0 = Debug|Any CPU
		{F8213BC9-2F76-4832-9137-320E10466F2D}.Release|Any CPU.ActiveCfg = Release|Any CPU
		{F8213BC9-2F76-4832-9137-320E10466F2D}.Release|Any CPU.Build.0 = Release|Any CPU
		{F8213BC9-2F76-4832-9137-320E10466F2D}.Release|Any CPU.Deploy.0 = Release|Any CPU
		{F8213BC9-2F76-4832-9137-320E10466F2D}.Release|iPhone.ActiveCfg = Release|Any CPU
		{F8213BC9-2F76-4832-9137-320E10466F2D}.Release|iPhone.Build.0 = Release|Any CPU
		{F8213BC9-2F76-4832-9137-320E10466F2D}.Release|iPhone.Deploy.0 = Release|Any CPU
		{F8213BC9-2F76-4832-9137-320E10466F2D}.Release|iPhoneSimulator.ActiveCfg = Release|Any CPU
		{F8213BC9-2F76-4832-9137-320E10466F2D}.Release|iPhoneSimulator.Build.0 = Release|Any CPU
		{F8213BC9-2F76-4832-9137-320E10466F2D}.Release|iPhoneSimulator.Deploy.0 = Release|Any CPU
		{864371DE-1820-4B92-8D37-4BE3FCBBE6A2}.Debug|Any CPU.ActiveCfg = Debug|iPhoneSimulator
		{864371DE-1820-4B92-8D37-4BE3FCBBE6A2}.Debug|Any CPU.Build.0 = Debug|iPhoneSimulator
		{864371DE-1820-4B92-8D37-4BE3FCBBE6A2}.Debug|Any CPU.Deploy.0 = Debug|iPhoneSimulator
		{864371DE-1820-4B92-8D37-4BE3FCBBE6A2}.Debug|iPhone.ActiveCfg = Debug|iPhone
		{864371DE-1820-4B92-8D37-4BE3FCBBE6A2}.Debug|iPhone.Build.0 = Debug|iPhone
		{864371DE-1820-4B92-8D37-4BE3FCBBE6A2}.Debug|iPhone.Deploy.0 = Debug|iPhone
		{864371DE-1820-4B92-8D37-4BE3FCBBE6A2}.Debug|iPhoneSimulator.ActiveCfg = Debug|iPhoneSimulator
		{864371DE-1820-4B92-8D37-4BE3FCBBE6A2}.Debug|iPhoneSimulator.Build.0 = Debug|iPhoneSimulator
		{864371DE-1820-4B92-8D37-4BE3FCBBE6A2}.Debug|iPhoneSimulator.Deploy.0 = Debug|iPhoneSimulator
		{864371DE-1820-4B92-8D37-4BE3FCBBE6A2}.Release|Any CPU.ActiveCfg = Release|iPhone
		{864371DE-1820-4B92-8D37-4BE3FCBBE6A2}.Release|Any CPU.Build.0 = Release|iPhone
		{864371DE-1820-4B92-8D37-4BE3FCBBE6A2}.Release|Any CPU.Deploy.0 = Release|iPhone
		{864371DE-1820-4B92-8D37-4BE3FCBBE6A2}.Release|iPhone.ActiveCfg = Release|iPhone
		{864371DE-1820-4B92-8D37-4BE3FCBBE6A2}.Release|iPhone.Build.0 = Release|iPhone
		{864371DE-1820-4B92-8D37-4BE3FCBBE6A2}.Release|iPhone.Deploy.0 = Release|iPhone
		{864371DE-1820-4B92-8D37-4BE3FCBBE6A2}.Release|iPhoneSimulator.ActiveCfg = Release|iPhoneSimulator
		{864371DE-1820-4B92-8D37-4BE3FCBBE6A2}.Release|iPhoneSimulator.Build.0 = Release|iPhoneSimulator
		{864371DE-1820-4B92-8D37-4BE3FCBBE6A2}.Release|iPhoneSimulator.Deploy.0 = Release|iPhoneSimulator
		{D3CA0750-DADD-490F-815B-BDFCC8793C3C}.Debug|Any CPU.ActiveCfg = Debug|Any CPU
		{D3CA0750-DADD-490F-815B-BDFCC8793C3C}.Debug|Any CPU.Build.0 = Debug|Any CPU
		{D3CA0750-DADD-490F-815B-BDFCC8793C3C}.Debug|Any CPU.Deploy.0 = Debug|Any CPU
		{D3CA0750-DADD-490F-815B-BDFCC8793C3C}.Debug|iPhone.ActiveCfg = Debug|Any CPU
		{D3CA0750-DADD-490F-815B-BDFCC8793C3C}.Debug|iPhone.Build.0 = Debug|Any CPU
		{D3CA0750-DADD-490F-815B-BDFCC8793C3C}.Debug|iPhone.Deploy.0 = Debug|Any CPU
		{D3CA0750-DADD-490F-815B-BDFCC8793C3C}.Debug|iPhoneSimulator.ActiveCfg = Debug|Any CPU
		{D3CA0750-DADD-490F-815B-BDFCC8793C3C}.Debug|iPhoneSimulator.Build.0 = Debug|Any CPU
		{D3CA0750-DADD-490F-815B-BDFCC8793C3C}.Debug|iPhoneSimulator.Deploy.0 = Debug|Any CPU
		{D3CA0750-DADD-490F-815B-BDFCC8793C3C}.Release|Any CPU.ActiveCfg = Release|Any CPU
		{D3CA0750-DADD-490F-815B-BDFCC8793C3C}.Release|Any CPU.Build.0 = Release|Any CPU
		{D3CA0750-DADD-490F-815B-BDFCC8793C3C}.Release|Any CPU.Deploy.0 = Release|Any CPU
		{D3CA0750-DADD-490F-815B-BDFCC8793C3C}.Release|iPhone.ActiveCfg = Release|Any CPU
		{D3CA0750-DADD-490F-815B-BDFCC8793C3C}.Release|iPhone.Build.0 = Release|Any CPU
		{D3CA0750-DADD-490F-815B-BDFCC8793C3C}.Release|iPhone.Deploy.0 = Release|Any CPU
		{D3CA0750-DADD-490F-815B-BDFCC8793C3C}.Release|iPhoneSimulator.ActiveCfg = Release|Any CPU
		{D3CA0750-DADD-490F-815B-BDFCC8793C3C}.Release|iPhoneSimulator.Build.0 = Release|Any CPU
		{D3CA0750-DADD-490F-815B-BDFCC8793C3C}.Release|iPhoneSimulator.Deploy.0 = Release|Any CPU
	EndGlobalSection
	GlobalSection(SolutionProperties) = preSolution
		HideSolutionNode = FALSE
	EndGlobalSection
	GlobalSection(ExtensibilityGlobals) = postSolution
		SolutionGuid = {BBD3219A-16C9-446C-B485-7906CEEBC782}
	EndGlobalSection
EndGlobal
